// !$*UTF8*$!
{
	archiveVersion = 1;
	classes = {
	};
	objectVersion = 48;
	objects = {

/* Begin PBXBuildFile section */
		5E1D2C711FA255FC004C9A03 /* Alamofire.framework in Frameworks */ = {isa = PBXBuildFile; fileRef = 5E1D2C701FA255FC004C9A03 /* Alamofire.framework */; };
		5E7DF6731FA23555006356A5 /* HelpScout.framework in Frameworks */ = {isa = PBXBuildFile; fileRef = 5E7DF6691FA23555006356A5 /* HelpScout.framework */; };
		5E7DF6781FA23555006356A5 /* HelpScoutTests.swift in Sources */ = {isa = PBXBuildFile; fileRef = 5E7DF6771FA23555006356A5 /* HelpScoutTests.swift */; };
		5E7DF67A1FA23555006356A5 /* HelpScout.h in Headers */ = {isa = PBXBuildFile; fileRef = 5E7DF66C1FA23555006356A5 /* HelpScout.h */; settings = {ATTRIBUTES = (Public, ); }; };
		5E7DF68B1FA24960006356A5 /* HelpScout.swift in Sources */ = {isa = PBXBuildFile; fileRef = 5E7DF68A1FA24960006356A5 /* HelpScout.swift */; };
		5E7DF68F1FA24B9B006356A5 /* String.swift in Sources */ = {isa = PBXBuildFile; fileRef = 5E7DF68E1FA24B9B006356A5 /* String.swift */; };
		5E7DF6931FA24C1F006356A5 /* API.swift in Sources */ = {isa = PBXBuildFile; fileRef = 5E7DF6921FA24C1F006356A5 /* API.swift */; };
		5E7DF6981FA24FAB006356A5 /* Result.swift in Sources */ = {isa = PBXBuildFile; fileRef = 5E7DF6971FA24FAB006356A5 /* Result.swift */; };
		5E7DF69C1FA25103006356A5 /* Device.swift in Sources */ = {isa = PBXBuildFile; fileRef = 5E7DF69B1FA25103006356A5 /* Device.swift */; };
		ED1373FB1FD74DF00009CE23 /* HelpScoutUser.swift in Sources */ = {isa = PBXBuildFile; fileRef = ED1373FA1FD74DF00009CE23 /* HelpScoutUser.swift */; };
		ED77DB291FD5F33700BC8F59 /* HelpScoutAttachment.swift in Sources */ = {isa = PBXBuildFile; fileRef = ED77DB281FD5F33700BC8F59 /* HelpScoutAttachment.swift */; };
/* End PBXBuildFile section */

/* Begin PBXContainerItemProxy section */
		5E7DF6741FA23555006356A5 /* PBXContainerItemProxy */ = {
			isa = PBXContainerItemProxy;
			containerPortal = 5E7DF6601FA23555006356A5 /* Project object */;
			proxyType = 1;
			remoteGlobalIDString = 5E7DF6681FA23555006356A5;
			remoteInfo = HelpScout;
		};
/* End PBXContainerItemProxy section */

/* Begin PBXFileReference section */
		5E1D2C701FA255FC004C9A03 /* Alamofire.framework */ = {isa = PBXFileReference; lastKnownFileType = wrapper.framework; name = Alamofire.framework; path = Carthage/Build/iOS/Alamofire.framework; sourceTree = "<group>"; };
		5E7DF6691FA23555006356A5 /* HelpScout.framework */ = {isa = PBXFileReference; explicitFileType = wrapper.framework; includeInIndex = 0; path = HelpScout.framework; sourceTree = BUILT_PRODUCTS_DIR; };
		5E7DF66C1FA23555006356A5 /* HelpScout.h */ = {isa = PBXFileReference; lastKnownFileType = sourcecode.c.h; path = HelpScout.h; sourceTree = "<group>"; };
		5E7DF66D1FA23555006356A5 /* Info.plist */ = {isa = PBXFileReference; lastKnownFileType = text.plist.xml; path = Info.plist; sourceTree = "<group>"; };
		5E7DF6721FA23555006356A5 /* HelpScoutTests.xctest */ = {isa = PBXFileReference; explicitFileType = wrapper.cfbundle; includeInIndex = 0; path = HelpScoutTests.xctest; sourceTree = BUILT_PRODUCTS_DIR; };
		5E7DF6771FA23555006356A5 /* HelpScoutTests.swift */ = {isa = PBXFileReference; lastKnownFileType = sourcecode.swift; path = HelpScoutTests.swift; sourceTree = "<group>"; };
		5E7DF6791FA23555006356A5 /* Info.plist */ = {isa = PBXFileReference; lastKnownFileType = text.plist.xml; path = Info.plist; sourceTree = "<group>"; };
		5E7DF68A1FA24960006356A5 /* HelpScout.swift */ = {isa = PBXFileReference; lastKnownFileType = sourcecode.swift; path = HelpScout.swift; sourceTree = "<group>"; };
		5E7DF68E1FA24B9B006356A5 /* String.swift */ = {isa = PBXFileReference; lastKnownFileType = sourcecode.swift; path = String.swift; sourceTree = "<group>"; };
		5E7DF6921FA24C1F006356A5 /* API.swift */ = {isa = PBXFileReference; lastKnownFileType = sourcecode.swift; path = API.swift; sourceTree = "<group>"; };
		5E7DF6971FA24FAB006356A5 /* Result.swift */ = {isa = PBXFileReference; lastKnownFileType = sourcecode.swift; path = Result.swift; sourceTree = "<group>"; };
		5E7DF69B1FA25103006356A5 /* Device.swift */ = {isa = PBXFileReference; lastKnownFileType = sourcecode.swift; path = Device.swift; sourceTree = "<group>"; };
		ED1373FA1FD74DF00009CE23 /* HelpScoutUser.swift */ = {isa = PBXFileReference; lastKnownFileType = sourcecode.swift; path = HelpScoutUser.swift; sourceTree = "<group>"; };
		ED77DB281FD5F33700BC8F59 /* HelpScoutAttachment.swift */ = {isa = PBXFileReference; lastKnownFileType = sourcecode.swift; path = HelpScoutAttachment.swift; sourceTree = "<group>"; };
/* End PBXFileReference section */

/* Begin PBXFrameworksBuildPhase section */
		5E7DF6651FA23555006356A5 /* Frameworks */ = {
			isa = PBXFrameworksBuildPhase;
			buildActionMask = 2147483647;
			files = (
				5E1D2C711FA255FC004C9A03 /* Alamofire.framework in Frameworks */,
			);
			runOnlyForDeploymentPostprocessing = 0;
		};
		5E7DF66F1FA23555006356A5 /* Frameworks */ = {
			isa = PBXFrameworksBuildPhase;
			buildActionMask = 2147483647;
			files = (
				5E7DF6731FA23555006356A5 /* HelpScout.framework in Frameworks */,
			);
			runOnlyForDeploymentPostprocessing = 0;
		};
/* End PBXFrameworksBuildPhase section */

/* Begin PBXGroup section */
		5E7DF65F1FA23555006356A5 = {
			isa = PBXGroup;
			children = (
				5E7DF66B1FA23555006356A5 /* HelpScout */,
				5E7DF6761FA23555006356A5 /* HelpScoutTests */,
				5E7DF66A1FA23555006356A5 /* Products */,
				5E7DF6941FA24CBE006356A5 /* Frameworks */,
			);
			sourceTree = "<group>";
		};
		5E7DF66A1FA23555006356A5 /* Products */ = {
			isa = PBXGroup;
			children = (
				5E7DF6691FA23555006356A5 /* HelpScout.framework */,
				5E7DF6721FA23555006356A5 /* HelpScoutTests.xctest */,
			);
			name = Products;
			sourceTree = "<group>";
		};
		5E7DF66B1FA23555006356A5 /* HelpScout */ = {
			isa = PBXGroup;
			children = (
				5E7DF66C1FA23555006356A5 /* HelpScout.h */,
				5E7DF68C1FA24990006356A5 /* Sources */,
				5E7DF68D1FA24999006356A5 /* Config */,
			);
			path = HelpScout;
			sourceTree = "<group>";
		};
		5E7DF6761FA23555006356A5 /* HelpScoutTests */ = {
			isa = PBXGroup;
			children = (
				5E7DF6771FA23555006356A5 /* HelpScoutTests.swift */,
				5E7DF6791FA23555006356A5 /* Info.plist */,
			);
			path = HelpScoutTests;
			sourceTree = "<group>";
		};
		5E7DF68C1FA24990006356A5 /* Sources */ = {
			isa = PBXGroup;
			children = (
				5E7DF68A1FA24960006356A5 /* HelpScout.swift */,
				5E7DF6921FA24C1F006356A5 /* API.swift */,
				5E7DF6971FA24FAB006356A5 /* Result.swift */,
				5E7DF68E1FA24B9B006356A5 /* String.swift */,
				5E7DF69B1FA25103006356A5 /* Device.swift */,
				ED77DB281FD5F33700BC8F59 /* HelpScoutAttachment.swift */,
				ED1373FA1FD74DF00009CE23 /* HelpScoutUser.swift */,
			);
			path = Sources;
			sourceTree = "<group>";
		};
		5E7DF68D1FA24999006356A5 /* Config */ = {
			isa = PBXGroup;
			children = (
				5E7DF66D1FA23555006356A5 /* Info.plist */,
			);
			path = Config;
			sourceTree = "<group>";
		};
		5E7DF6941FA24CBE006356A5 /* Frameworks */ = {
			isa = PBXGroup;
			children = (
				5E1D2C701FA255FC004C9A03 /* Alamofire.framework */,
			);
			name = Frameworks;
			sourceTree = "<group>";
		};
/* End PBXGroup section */

/* Begin PBXHeadersBuildPhase section */
		5E7DF6661FA23555006356A5 /* Headers */ = {
			isa = PBXHeadersBuildPhase;
			buildActionMask = 2147483647;
			files = (
				5E7DF67A1FA23555006356A5 /* HelpScout.h in Headers */,
			);
			runOnlyForDeploymentPostprocessing = 0;
		};
/* End PBXHeadersBuildPhase section */

/* Begin PBXNativeTarget section */
		5E7DF6681FA23555006356A5 /* HelpScout-iOS */ = {
			isa = PBXNativeTarget;
			buildConfigurationList = 5E7DF67D1FA23555006356A5 /* Build configuration list for PBXNativeTarget "HelpScout-iOS" */;
			buildPhases = (
				5E7DF6641FA23555006356A5 /* Sources */,
				5E7DF6651FA23555006356A5 /* Frameworks */,
				5E7DF6661FA23555006356A5 /* Headers */,
				5E7DF6671FA23555006356A5 /* Resources */,
			);
			buildRules = (
			);
			dependencies = (
			);
			name = "HelpScout-iOS";
			productName = HelpScout;
			productReference = 5E7DF6691FA23555006356A5 /* HelpScout.framework */;
			productType = "com.apple.product-type.framework";
		};
		5E7DF6711FA23555006356A5 /* HelpScoutTests */ = {
			isa = PBXNativeTarget;
			buildConfigurationList = 5E7DF6801FA23555006356A5 /* Build configuration list for PBXNativeTarget "HelpScoutTests" */;
			buildPhases = (
				5E7DF66E1FA23555006356A5 /* Sources */,
				5E7DF66F1FA23555006356A5 /* Frameworks */,
				5E7DF6701FA23555006356A5 /* Resources */,
			);
			buildRules = (
			);
			dependencies = (
				5E7DF6751FA23555006356A5 /* PBXTargetDependency */,
			);
			name = HelpScoutTests;
			productName = HelpScoutTests;
			productReference = 5E7DF6721FA23555006356A5 /* HelpScoutTests.xctest */;
			productType = "com.apple.product-type.bundle.unit-test";
		};
/* End PBXNativeTarget section */

/* Begin PBXProject section */
		5E7DF6601FA23555006356A5 /* Project object */ = {
			isa = PBXProject;
			attributes = {
				LastSwiftUpdateCheck = 0900;
				LastUpgradeCheck = 0900;
				ORGANIZATIONNAME = Koombea;
				TargetAttributes = {
					5E7DF6681FA23555006356A5 = {
						CreatedOnToolsVersion = 9.0.1;
						LastSwiftMigration = 0900;
						ProvisioningStyle = Automatic;
					};
					5E7DF6711FA23555006356A5 = {
						CreatedOnToolsVersion = 9.0.1;
						ProvisioningStyle = Automatic;
					};
				};
			};
			buildConfigurationList = 5E7DF6631FA23555006356A5 /* Build configuration list for PBXProject "HelpScout" */;
			compatibilityVersion = "Xcode 8.0";
			developmentRegion = en;
			hasScannedForEncodings = 0;
			knownRegions = (
				en,
			);
			mainGroup = 5E7DF65F1FA23555006356A5;
			productRefGroup = 5E7DF66A1FA23555006356A5 /* Products */;
			projectDirPath = "";
			projectRoot = "";
			targets = (
				5E7DF6681FA23555006356A5 /* HelpScout-iOS */,
				5E7DF6711FA23555006356A5 /* HelpScoutTests */,
			);
		};
/* End PBXProject section */

/* Begin PBXResourcesBuildPhase section */
		5E7DF6671FA23555006356A5 /* Resources */ = {
			isa = PBXResourcesBuildPhase;
			buildActionMask = 2147483647;
			files = (
			);
			runOnlyForDeploymentPostprocessing = 0;
		};
		5E7DF6701FA23555006356A5 /* Resources */ = {
			isa = PBXResourcesBuildPhase;
			buildActionMask = 2147483647;
			files = (
			);
			runOnlyForDeploymentPostprocessing = 0;
		};
/* End PBXResourcesBuildPhase section */

/* Begin PBXSourcesBuildPhase section */
		5E7DF6641FA23555006356A5 /* Sources */ = {
			isa = PBXSourcesBuildPhase;
			buildActionMask = 2147483647;
			files = (
				ED77DB291FD5F33700BC8F59 /* HelpScoutAttachment.swift in Sources */,
				5E7DF68F1FA24B9B006356A5 /* String.swift in Sources */,
				5E7DF6931FA24C1F006356A5 /* API.swift in Sources */,
				5E7DF6981FA24FAB006356A5 /* Result.swift in Sources */,
				5E7DF68B1FA24960006356A5 /* HelpScout.swift in Sources */,
				5E7DF69C1FA25103006356A5 /* Device.swift in Sources */,
				ED1373FB1FD74DF00009CE23 /* HelpScoutUser.swift in Sources */,
			);
			runOnlyForDeploymentPostprocessing = 0;
		};
		5E7DF66E1FA23555006356A5 /* Sources */ = {
			isa = PBXSourcesBuildPhase;
			buildActionMask = 2147483647;
			files = (
				5E7DF6781FA23555006356A5 /* HelpScoutTests.swift in Sources */,
			);
			runOnlyForDeploymentPostprocessing = 0;
		};
/* End PBXSourcesBuildPhase section */

/* Begin PBXTargetDependency section */
		5E7DF6751FA23555006356A5 /* PBXTargetDependency */ = {
			isa = PBXTargetDependency;
			target = 5E7DF6681FA23555006356A5 /* HelpScout-iOS */;
			targetProxy = 5E7DF6741FA23555006356A5 /* PBXContainerItemProxy */;
		};
/* End PBXTargetDependency section */

/* Begin XCBuildConfiguration section */
		5E7DF67B1FA23555006356A5 /* Debug */ = {
			isa = XCBuildConfiguration;
			buildSettings = {
				ALWAYS_SEARCH_USER_PATHS = NO;
				CLANG_ANALYZER_NONNULL = YES;
				CLANG_ANALYZER_NUMBER_OBJECT_CONVERSION = YES_AGGRESSIVE;
				CLANG_CXX_LANGUAGE_STANDARD = "gnu++14";
				CLANG_CXX_LIBRARY = "libc++";
				CLANG_ENABLE_MODULES = YES;
				CLANG_ENABLE_OBJC_ARC = YES;
				CLANG_WARN_BLOCK_CAPTURE_AUTORELEASING = YES;
				CLANG_WARN_BOOL_CONVERSION = YES;
				CLANG_WARN_COMMA = YES;
				CLANG_WARN_CONSTANT_CONVERSION = YES;
				CLANG_WARN_DIRECT_OBJC_ISA_USAGE = YES_ERROR;
				CLANG_WARN_DOCUMENTATION_COMMENTS = YES;
				CLANG_WARN_EMPTY_BODY = YES;
				CLANG_WARN_ENUM_CONVERSION = YES;
				CLANG_WARN_INFINITE_RECURSION = YES;
				CLANG_WARN_INT_CONVERSION = YES;
				CLANG_WARN_NON_LITERAL_NULL_CONVERSION = YES;
				CLANG_WARN_OBJC_LITERAL_CONVERSION = YES;
				CLANG_WARN_OBJC_ROOT_CLASS = YES_ERROR;
				CLANG_WARN_RANGE_LOOP_ANALYSIS = YES;
				CLANG_WARN_STRICT_PROTOTYPES = YES;
				CLANG_WARN_SUSPICIOUS_MOVE = YES;
				CLANG_WARN_UNGUARDED_AVAILABILITY = YES_AGGRESSIVE;
				CLANG_WARN_UNREACHABLE_CODE = YES;
				CLANG_WARN__DUPLICATE_METHOD_MATCH = YES;
				CODE_SIGN_IDENTITY = "iPhone Developer";
				COPY_PHASE_STRIP = NO;
				CURRENT_PROJECT_VERSION = 1;
				DEBUG_INFORMATION_FORMAT = dwarf;
				ENABLE_STRICT_OBJC_MSGSEND = YES;
				ENABLE_TESTABILITY = YES;
				GCC_C_LANGUAGE_STANDARD = gnu11;
				GCC_DYNAMIC_NO_PIC = NO;
				GCC_NO_COMMON_BLOCKS = YES;
				GCC_OPTIMIZATION_LEVEL = 0;
				GCC_PREPROCESSOR_DEFINITIONS = (
					"DEBUG=1",
					"$(inherited)",
				);
				GCC_WARN_64_TO_32_BIT_CONVERSION = YES;
				GCC_WARN_ABOUT_RETURN_TYPE = YES_ERROR;
				GCC_WARN_UNDECLARED_SELECTOR = YES;
				GCC_WARN_UNINITIALIZED_AUTOS = YES_AGGRESSIVE;
				GCC_WARN_UNUSED_FUNCTION = YES;
				GCC_WARN_UNUSED_VARIABLE = YES;
				IPHONEOS_DEPLOYMENT_TARGET = 11.0;
				MTL_ENABLE_DEBUG_INFO = YES;
				ONLY_ACTIVE_ARCH = YES;
				SDKROOT = iphoneos;
				SWIFT_ACTIVE_COMPILATION_CONDITIONS = DEBUG;
				SWIFT_OPTIMIZATION_LEVEL = "-Onone";
				VERSIONING_SYSTEM = "apple-generic";
				VERSION_INFO_PREFIX = "";
			};
			name = Debug;
		};
		5E7DF67C1FA23555006356A5 /* Release */ = {
			isa = XCBuildConfiguration;
			buildSettings = {
				ALWAYS_SEARCH_USER_PATHS = NO;
				CLANG_ANALYZER_NONNULL = YES;
				CLANG_ANALYZER_NUMBER_OBJECT_CONVERSION = YES_AGGRESSIVE;
				CLANG_CXX_LANGUAGE_STANDARD = "gnu++14";
				CLANG_CXX_LIBRARY = "libc++";
				CLANG_ENABLE_MODULES = YES;
				CLANG_ENABLE_OBJC_ARC = YES;
				CLANG_WARN_BLOCK_CAPTURE_AUTORELEASING = YES;
				CLANG_WARN_BOOL_CONVERSION = YES;
				CLANG_WARN_COMMA = YES;
				CLANG_WARN_CONSTANT_CONVERSION = YES;
				CLANG_WARN_DIRECT_OBJC_ISA_USAGE = YES_ERROR;
				CLANG_WARN_DOCUMENTATION_COMMENTS = YES;
				CLANG_WARN_EMPTY_BODY = YES;
				CLANG_WARN_ENUM_CONVERSION = YES;
				CLANG_WARN_INFINITE_RECURSION = YES;
				CLANG_WARN_INT_CONVERSION = YES;
				CLANG_WARN_NON_LITERAL_NULL_CONVERSION = YES;
				CLANG_WARN_OBJC_LITERAL_CONVERSION = YES;
				CLANG_WARN_OBJC_ROOT_CLASS = YES_ERROR;
				CLANG_WARN_RANGE_LOOP_ANALYSIS = YES;
				CLANG_WARN_STRICT_PROTOTYPES = YES;
				CLANG_WARN_SUSPICIOUS_MOVE = YES;
				CLANG_WARN_UNGUARDED_AVAILABILITY = YES_AGGRESSIVE;
				CLANG_WARN_UNREACHABLE_CODE = YES;
				CLANG_WARN__DUPLICATE_METHOD_MATCH = YES;
				CODE_SIGN_IDENTITY = "iPhone Developer";
				COPY_PHASE_STRIP = NO;
				CURRENT_PROJECT_VERSION = 1;
				DEBUG_INFORMATION_FORMAT = "dwarf-with-dsym";
				ENABLE_NS_ASSERTIONS = NO;
				ENABLE_STRICT_OBJC_MSGSEND = YES;
				GCC_C_LANGUAGE_STANDARD = gnu11;
				GCC_NO_COMMON_BLOCKS = YES;
				GCC_WARN_64_TO_32_BIT_CONVERSION = YES;
				GCC_WARN_ABOUT_RETURN_TYPE = YES_ERROR;
				GCC_WARN_UNDECLARED_SELECTOR = YES;
				GCC_WARN_UNINITIALIZED_AUTOS = YES_AGGRESSIVE;
				GCC_WARN_UNUSED_FUNCTION = YES;
				GCC_WARN_UNUSED_VARIABLE = YES;
				IPHONEOS_DEPLOYMENT_TARGET = 11.0;
				MTL_ENABLE_DEBUG_INFO = NO;
				SDKROOT = iphoneos;
				SWIFT_OPTIMIZATION_LEVEL = "-Owholemodule";
				VALIDATE_PRODUCT = YES;
				VERSIONING_SYSTEM = "apple-generic";
				VERSION_INFO_PREFIX = "";
			};
			name = Release;
		};
		5E7DF67E1FA23555006356A5 /* Debug */ = {
			isa = XCBuildConfiguration;
			buildSettings = {
				CLANG_ENABLE_MODULES = YES;
				CODE_SIGN_IDENTITY = "";
				CODE_SIGN_STYLE = Automatic;
				DEFINES_MODULE = YES;
				DEVELOPMENT_TEAM = DG44JXF5G2;
				DYLIB_COMPATIBILITY_VERSION = 1;
				DYLIB_CURRENT_VERSION = 1;
				DYLIB_INSTALL_NAME_BASE = "@rpath";
				FRAMEWORK_SEARCH_PATHS = (
					"$(inherited)",
					"$(PROJECT_DIR)/Carthage/Build/iOS",
				);
				INFOPLIST_FILE = "$(SRCROOT)/HelpScout/Config/Info.plist";
				INSTALL_PATH = "$(LOCAL_LIBRARY_DIR)/Frameworks";
				IPHONEOS_DEPLOYMENT_TARGET = 9.2;
				LD_RUNPATH_SEARCH_PATHS = "$(inherited) @executable_path/Frameworks @loader_path/Frameworks";
				PRODUCT_BUNDLE_IDENTIFIER = com.koombea.HelpScout;
				PRODUCT_NAME = HelpScout;
				SKIP_INSTALL = YES;
				SWIFT_OPTIMIZATION_LEVEL = "-Onone";
				SWIFT_VERSION = 4.0;
				TARGETED_DEVICE_FAMILY = "1,2";
			};
			name = Debug;
		};
		5E7DF67F1FA23555006356A5 /* Release */ = {
			isa = XCBuildConfiguration;
			buildSettings = {
				CLANG_ENABLE_MODULES = YES;
				CODE_SIGN_IDENTITY = "";
				CODE_SIGN_STYLE = Automatic;
				DEFINES_MODULE = YES;
				DEVELOPMENT_TEAM = DG44JXF5G2;
				DYLIB_COMPATIBILITY_VERSION = 1;
				DYLIB_CURRENT_VERSION = 1;
				DYLIB_INSTALL_NAME_BASE = "@rpath";
				FRAMEWORK_SEARCH_PATHS = (
					"$(inherited)",
					"$(PROJECT_DIR)/Carthage/Build/iOS",
				);
				INFOPLIST_FILE = "$(SRCROOT)/HelpScout/Config/Info.plist";
				INSTALL_PATH = "$(LOCAL_LIBRARY_DIR)/Frameworks";
				IPHONEOS_DEPLOYMENT_TARGET = 9.2;
				LD_RUNPATH_SEARCH_PATHS = "$(inherited) @executable_path/Frameworks @loader_path/Frameworks";
				PRODUCT_BUNDLE_IDENTIFIER = com.koombea.HelpScout;
				PRODUCT_NAME = HelpScout;
				SKIP_INSTALL = YES;
				SWIFT_VERSION = 4.0;
				TARGETED_DEVICE_FAMILY = "1,2";
			};
			name = Release;
		};
		5E7DF6811FA23555006356A5 /* Debug */ = {
			isa = XCBuildConfiguration;
			buildSettings = {
				ALWAYS_EMBED_SWIFT_STANDARD_LIBRARIES = YES;
				CODE_SIGN_STYLE = Automatic;
				DEVELOPMENT_TEAM = DG44JXF5G2;
				INFOPLIST_FILE = HelpScoutTests/Info.plist;
				LD_RUNPATH_SEARCH_PATHS = "$(inherited) @executable_path/Frameworks @loader_path/Frameworks";
				PRODUCT_BUNDLE_IDENTIFIER = com.koombea.HelpScoutTests;
				PRODUCT_NAME = "$(TARGET_NAME)";
				SWIFT_VERSION = 4.0;
				TARGETED_DEVICE_FAMILY = "1,2";
			};
			name = Debug;
		};
		5E7DF6821FA23555006356A5 /* Release */ = {
			isa = XCBuildConfiguration;
			buildSettings = {
				ALWAYS_EMBED_SWIFT_STANDARD_LIBRARIES = YES;
				CODE_SIGN_STYLE = Automatic;
				DEVELOPMENT_TEAM = DG44JXF5G2;
				INFOPLIST_FILE = HelpScoutTests/Info.plist;
				LD_RUNPATH_SEARCH_PATHS = "$(inherited) @executable_path/Frameworks @loader_path/Frameworks";
				PRODUCT_BUNDLE_IDENTIFIER = com.koombea.HelpScoutTests;
				PRODUCT_NAME = "$(TARGET_NAME)";
				SWIFT_VERSION = 4.0;
				TARGETED_DEVICE_FAMILY = "1,2";
			};
			name = Release;
		};
/* End XCBuildConfiguration section */

/* Begin XCConfigurationList section */
		5E7DF6631FA23555006356A5 /* Build configuration list for PBXProject "HelpScout" */ = {
			isa = XCConfigurationList;
			buildConfigurations = (
				5E7DF67B1FA23555006356A5 /* Debug */,
				5E7DF67C1FA23555006356A5 /* Release */,
			);
			defaultConfigurationIsVisible = 0;
			defaultConfigurationName = Release;
		};
		5E7DF67D1FA23555006356A5 /* Build configuration list for PBXNativeTarget "HelpScout-iOS" */ = {
			isa = XCConfigurationList;
			buildConfigurations = (
				5E7DF67E1FA23555006356A5 /* Debug */,
				5E7DF67F1FA23555006356A5 /* Release */,
			);
			defaultConfigurationIsVisible = 0;
			defaultConfigurationName = Release;
		};
		5E7DF6801FA23555006356A5 /* Build configuration list for PBXNativeTarget "HelpScoutTests" */ = {
			isa = XCConfigurationList;
			buildConfigurations = (
				5E7DF6811FA23555006356A5 /* Debug */,
				5E7DF6821FA23555006356A5 /* Release */,
			);
			defaultConfigurationIsVisible = 0;
			defaultConfigurationName = Release;
		};
/* End XCConfigurationList section */
	};
	rootObject = 5E7DF6601FA23555006356A5 /* Project object */;
}
